# THIS IS AN AUTOGENERATED FILE. DO NOT EDIT THIS FILE DIRECTLY.
# yarn lockfile v1


ahungry-around@1.1.4:
  version "1.1.4"
  resolved "https://registry.yarnpkg.com/ahungry-around/-/ahungry-around-1.1.4.tgz#5a58102afaabb65ef54c918eb4e8d984d982e633"

await-event@^2.1.0:
  version "2.1.0"
  resolved "https://registry.yarnpkg.com/await-event/-/await-event-2.1.0.tgz#78e9f92684bae4022f9fa0b5f314a11550f9aa76"

await-first@^1.0.0:
  version "1.0.0"
  resolved "https://registry.yarnpkg.com/await-first/-/await-first-1.0.0.tgz#06afa6db7cebe412be9be54e82dd8c6cb4cdb241"
  dependencies:
    ee-first "^1.1.1"

co@^4.6.0:
  version "4.6.0"
  resolved "https://registry.yarnpkg.com/co/-/co-4.6.0.tgz#6ea6bdf3d853ae54ccb8e47bfa0bf3f9031fb184"

core-util-is@^1.0.2:
  version "1.0.2"
  resolved "https://registry.yarnpkg.com/core-util-is/-/core-util-is-1.0.2.tgz#b5fd54220aa2bc5ab57aab7140c940754503c1a7"

ee-first@^1.1.1:
  version "1.1.1"
  resolved "https://registry.yarnpkg.com/ee-first/-/ee-first-1.1.1.tgz#590c61156b0ae2f4f0255732a158b266bc56b21d"

is-class@~0.0.4:
  version "0.0.4"
  resolved "https://registry.yarnpkg.com/is-class/-/is-class-0.0.4.tgz#e057451705bb34e39e3e33598c93a9837296b736"

is-type-of@^1.2.0:
  version "1.2.0"
  resolved "https://registry.yarnpkg.com/is-type-of/-/is-type-of-1.2.0.tgz#b553cbb4621adf5b4171e8883f370e7a6ec38995"
  dependencies:
    core-util-is "^1.0.2"
    is-class "~0.0.4"
    isstream "~0.1.2"

isstream@~0.1.2:
  version "0.1.2"
  resolved "https://registry.yarnpkg.com/isstream/-/isstream-0.1.2.tgz#47e63f7af55afa6f92e1500e690eb8b8529c099a"

sdk-base@^3.4.0:
  version "3.4.0"
  resolved "https://registry.yarnpkg.com/sdk-base/-/sdk-base-3.4.0.tgz#a05eabb9990c6b8e7f52f92d84e9c78940406a17"
  dependencies:
    await-event "^2.1.0"
    await-first "^1.0.0"
    co "^4.6.0"
    is-type-of "^1.2.0"

time-profile@^1.0.0:
  version "1.0.0"
  resolved "https://registry.yarnpkg.com/time-profile/-/time-profile-1.0.0.tgz#52ddaa678843b31ce81682df26fbab5fcf8d500d"
  dependencies:
    sdk-base "^3.4.0"
